<?xml version="1.0" encoding="utf-8"?>
<Project ToolsVersion="4.0" xmlns="http://schemas.microsoft.com/developer/msbuild/2003">
  <ItemGroup>
    <Filter Include="clicker">
      <UniqueIdentifier>{75cc64b1-37f7-4346-b787-e9ca7715e1e9}</UniqueIdentifier>
    </Filter>
    <Filter Include="def">
      <UniqueIdentifier>{86f5bcbe-08e1-48ba-9695-3f22eeca6f1a}</UniqueIdentifier>
    </Filter>
    <Filter Include="def\include">
      <UniqueIdentifier>{e83626f8-e86a-4184-90c8-39c972bc9e6f}</UniqueIdentifier>
    </Filter>
    <Filter Include="def\include\console">
      <UniqueIdentifier>{45117cfc-5893-40ce-b97f-246ac42efc06}</UniqueIdentifier>
    </Filter>
    <Filter Include="def\include\imgui">
      <UniqueIdentifier>{d2c4d2f5-30c2-4c8e-81a4-e4ef41c383c2}</UniqueIdentifier>
    </Filter>
    <Filter Include="def\include\imgui\fonts">
      <UniqueIdentifier>{52b0153e-42f1-4a30-9016-f3e6e70fba3f}</UniqueIdentifier>
    </Filter>
    <Filter Include="def\include\imgui\impl">
      <UniqueIdentifier>{9d09f8d6-947b-43b1-b996-7135b194a1e3}</UniqueIdentifier>
    </Filter>
    <Filter Include="def\utils">
      <UniqueIdentifier>{e79c9717-ac62-4fb7-aeb3-57bf5a1d139d}</UniqueIdentifier>
    </Filter>
    <Filter Include="menu">
      <UniqueIdentifier>{46cf5f79-afb9-49e7-a15e-de38076d5a60}</UniqueIdentifier>
    </Filter>
    <Filter Include="menu\config">
      <UniqueIdentifier>{1da9c599-6c76-497b-a167-1cefbbb4ee49}</UniqueIdentifier>
    </Filter>
  </ItemGroup>
  <ItemGroup>
    <ClCompile Include="clicker\clicker.cpp">
      <Filter>clicker</Filter>
    </ClCompile>
    <ClCompile Include="def\utils\util.cpp">
      <Filter>def\utils</Filter>
    </ClCompile>
    <ClCompile Include="entry.cpp" />
    <ClCompile Include="def\imgui\impl\imgui_impl_dx9.cpp">
      <Filter>def\include\imgui\impl</Filter>
    </ClCompile>
    <ClCompile Include="def\imgui\impl\imgui_impl_win32.cpp">
      <Filter>def\include\imgui\impl</Filter>
    </ClCompile>
    <ClCompile Include="def\imgui\imgui.cpp">
      <Filter>def\include\imgui</Filter>
    </ClCompile>
    <ClCompile Include="def\imgui\imgui_draw.cpp">
      <Filter>def\include\imgui</Filter>
    </ClCompile>
    <ClCompile Include="def\imgui\imgui_widgets.cpp">
      <Filter>def\include\imgui</Filter>
    </ClCompile>
    <ClCompile Include="def\config\config.cpp" />
    <ClCompile Include="def\imgui\imgui_demo.cpp" />
    <ClCompile Include="def\imgui\imgui_tables.cpp" />
    <ClCompile Include="def\scanner\scanner.cpp" />
    <ClCompile Include="menu\menu.cpp">
      <Filter>menu</Filter>
    </ClCompile>
    <ClCompile Include="mouse\mouse.cpp" />
  </ItemGroup>
  <ItemGroup>
    <ClInclude Include="clicker\clicker.hpp">
      <Filter>clicker</Filter>
    </ClInclude>
    <ClInclude Include="def\utils\util.hpp">
      <Filter>def\utils</Filter>
    </ClInclude>
    <ClInclude Include="def\imgui\fonts\font_definitions.hpp">
      <Filter>def\include\imgui\fonts</Filter>
    </ClInclude>
    <ClInclude Include="def\imgui\fonts\fontawesome.hpp">
      <Filter>def\include\imgui\fonts</Filter>
    </ClInclude>
    <ClInclude Include="def\imgui\impl\imgui_impl_dx9.h">
      <Filter>def\include\imgui\impl</Filter>
    </ClInclude>
    <ClInclude Include="def\imgui\impl\imgui_impl_win32.h">
      <Filter>def\include\imgui\impl</Filter>
    </ClInclude>
    <ClInclude Include="def\imgui\imconfig.h">
      <Filter>def\include\imgui</Filter>
    </ClInclude>
    <ClInclude Include="def\imgui\imgui.h">
      <Filter>def\include\imgui</Filter>
    </ClInclude>
    <ClInclude Include="def\imgui\imgui_internal.h">
      <Filter>def\include\imgui</Filter>
    </ClInclude>
    <ClInclude Include="def\imgui\imstb_rectpack.h">
      <Filter>def\include\imgui</Filter>
    </ClInclude>
    <ClInclude Include="def\imgui\imstb_textedit.h">
      <Filter>def\include\imgui</Filter>
    </ClInclude>
    <ClInclude Include="def\imgui\imstb_truetype.h">
      <Filter>def\include\imgui</Filter>
    </ClInclude>
    <ClInclude Include="def\console.hpp" />
    <ClInclude Include="def\includes.hpp" />
    <ClInclude Include="def\config\archivex.hpp" />
    <ClInclude Include="def\config\config.hpp" />
    <ClInclude Include="def\scanner\scanner.hpp" />
    <ClInclude Include="menu\menu.hpp">
      <Filter>menu</Filter>
    </ClInclude>
    <ClInclude Include="mouse\mouse.hpp" />
    <ClInclude Include="def\vars.hpp">
      <Filter>def\utils</Filter>
    </ClInclude>
  </ItemGroup>
</Project>