<?xml version="1.0" encoding="utf-8"?>
<Project ToolsVersion="4.0" xmlns="http://schemas.microsoft.com/developer/msbuild/2003">
  <ItemGroup>
    <ClCompile Include="main.cpp" />
    <ClCompile Include="config.cpp">
      <Filter>utils\config</Filter>
    </ClCompile>
    <ClCompile Include="clicker.cpp">
      <Filter>clicker</Filter>
    </ClCompile>
    <ClCompile Include="menu.cpp">
      <Filter>menu</Filter>
    </ClCompile>
    <ClCompile Include="pch.cpp">
      <Filter>utils\precompiled</Filter>
    </ClCompile>
    <ClCompile Include="imgui\imgui_impl_dx9.cpp">
      <Filter>utils\imgui\impl\dx9</Filter>
    </ClCompile>
    <ClCompile Include="imgui\imgui_impl_win32.cpp">
      <Filter>utils\imgui\impl\win32</Filter>
    </ClCompile>
    <ClCompile Include="imgui\imgui.cpp">
      <Filter>utils\imgui</Filter>
    </ClCompile>
    <ClCompile Include="imgui\imgui_demo.cpp">
      <Filter>utils\imgui</Filter>
    </ClCompile>
    <ClCompile Include="imgui\imgui_draw.cpp">
      <Filter>utils\imgui</Filter>
    </ClCompile>
    <ClCompile Include="imgui\imgui_tables.cpp">
      <Filter>utils\imgui</Filter>
    </ClCompile>
    <ClCompile Include="imgui\imgui_widgets.cpp">
      <Filter>utils\imgui</Filter>
    </ClCompile>
    <ClCompile Include="utils.cpp">
      <Filter>utils\utils</Filter>
    </ClCompile>
  </ItemGroup>
  <ItemGroup>
    <ClInclude Include="archivex.hpp">
      <Filter>utils\config</Filter>
    </ClInclude>
    <ClInclude Include="config.hpp">
      <Filter>utils\config</Filter>
    </ClInclude>
    <ClInclude Include="utils.hpp">
      <Filter>utils\utils</Filter>
    </ClInclude>
    <ClInclude Include="clicker.hpp">
      <Filter>clicker</Filter>
    </ClInclude>
    <ClInclude Include="console.hpp">
      <Filter>utils\console</Filter>
    </ClInclude>
    <ClInclude Include="menu.hpp">
      <Filter>menu</Filter>
    </ClInclude>
    <ClInclude Include="vars.hpp">
      <Filter>utils\vars</Filter>
    </ClInclude>
    <ClInclude Include="pch.hpp">
      <Filter>utils\precompiled</Filter>
    </ClInclude>
    <ClInclude Include="imgui\imgui_impl_dx9.h">
      <Filter>utils\imgui\impl\dx9</Filter>
    </ClInclude>
    <ClInclude Include="imgui\imgui_impl_win32.h">
      <Filter>utils\imgui\impl\win32</Filter>
    </ClInclude>
    <ClInclude Include="imgui\imconfig.h">
      <Filter>utils\imgui</Filter>
    </ClInclude>
    <ClInclude Include="imgui\imgui.h">
      <Filter>utils\imgui</Filter>
    </ClInclude>
    <ClInclude Include="imgui\imgui_internal.h">
      <Filter>utils\imgui</Filter>
    </ClInclude>
    <ClInclude Include="imgui\font_data.h">
      <Filter>utils\imgui\impl\fonts</Filter>
    </ClInclude>
    <ClInclude Include="imgui\font_definitions.h">
      <Filter>utils\imgui\impl\fonts</Filter>
    </ClInclude>
    <ClInclude Include="keybind.hpp">
      <Filter>utils\keybind</Filter>
    </ClInclude>
    <ClInclude Include="imgui\imstb_rectpack.h">
      <Filter>utils\imgui\stb</Filter>
    </ClInclude>
    <ClInclude Include="imgui\imstb_textedit.h">
      <Filter>utils\imgui\stb</Filter>
    </ClInclude>
    <ClInclude Include="imgui\imstb_truetype.h">
      <Filter>utils\imgui\stb</Filter>
    </ClInclude>
  </ItemGroup>
  <ItemGroup>
    <Filter Include="clicker">
      <UniqueIdentifier>{adb63845-0177-441e-9364-fa1e56c3ca0e}</UniqueIdentifier>
    </Filter>
    <Filter Include="menu">
      <UniqueIdentifier>{8b91c8de-f6af-4a2b-a298-3e9ff7e7c7a5}</UniqueIdentifier>
    </Filter>
    <Filter Include="utils">
      <UniqueIdentifier>{c41c5192-ab59-4852-a069-6824104d4951}</UniqueIdentifier>
    </Filter>
    <Filter Include="utils\config">
      <UniqueIdentifier>{db5815df-39f6-4970-9940-2b0e3529fae7}</UniqueIdentifier>
    </Filter>
    <Filter Include="utils\console">
      <UniqueIdentifier>{74c48a25-e31a-4ae6-aeb0-576b22bc1cd3}</UniqueIdentifier>
    </Filter>
    <Filter Include="utils\imgui">
      <UniqueIdentifier>{3d4c588e-83c5-4f70-a5e4-eb2ac5f71192}</UniqueIdentifier>
    </Filter>
    <Filter Include="utils\imgui\impl">
      <UniqueIdentifier>{d955e830-e4a7-44c8-81ae-ee0983c4eb82}</UniqueIdentifier>
    </Filter>
    <Filter Include="utils\imgui\impl\win32">
      <UniqueIdentifier>{fbfc2f3d-71d9-4515-b93f-e0196dd2ebe8}</UniqueIdentifier>
    </Filter>
    <Filter Include="utils\imgui\impl\dx9">
      <UniqueIdentifier>{b0c32b8d-b3f0-451c-999d-d1aaedf8bb45}</UniqueIdentifier>
    </Filter>
    <Filter Include="utils\imgui\impl\fonts">
      <UniqueIdentifier>{e03d8ee1-45d8-48e9-908e-5068534f2c83}</UniqueIdentifier>
    </Filter>
    <Filter Include="utils\utils">
      <UniqueIdentifier>{40cd9742-07b4-40cf-b1be-d3baf0050cf2}</UniqueIdentifier>
    </Filter>
    <Filter Include="utils\keybind">
      <UniqueIdentifier>{c6989783-89d7-4e8d-92f6-9cb3d878bc9d}</UniqueIdentifier>
    </Filter>
    <Filter Include="utils\vars">
      <UniqueIdentifier>{c87a7cbb-b9a7-4307-b963-a65bc9292368}</UniqueIdentifier>
    </Filter>
    <Filter Include="utils\imgui\stb">
      <UniqueIdentifier>{64418ae5-488a-44f0-aa10-d31c2dc334ad}</UniqueIdentifier>
    </Filter>
    <Filter Include="utils\precompiled">
      <UniqueIdentifier>{4b318143-ea30-4b46-875b-edfdf4ad9267}</UniqueIdentifier>
    </Filter>
  </ItemGroup>
</Project>